// !$*UTF8*$!
{
	archiveVersion = 1;
	classes = {
	};
	objectVersion = 50;
	objects = {

/* Begin PBXBuildFile section */
		3C8C232F252B435700C77424 /* AppDelegate.swift in Sources */ = {isa = PBXBuildFile; fileRef = 3C8C232E252B435700C77424 /* AppDelegate.swift */; };
		3C8C2331252B435700C77424 /* ViewController.swift in Sources */ = {isa = PBXBuildFile; fileRef = 3C8C2330252B435700C77424 /* ViewController.swift */; };
		3C8C2333252B435700C77424 /* Document.swift in Sources */ = {isa = PBXBuildFile; fileRef = 3C8C2332252B435700C77424 /* Document.swift */; };
		3C8C2336252B435700C77424 /* Document.xcdatamodeld in Sources */ = {isa = PBXBuildFile; fileRef = 3C8C2334252B435700C77424 /* Document.xcdatamodeld */; };
		3C8C2338252B435800C77424 /* Assets.xcassets in Resources */ = {isa = PBXBuildFile; fileRef = 3C8C2337252B435800C77424 /* Assets.xcassets */; };
		3C8C233B252B435800C77424 /* Main.storyboard in Resources */ = {isa = PBXBuildFile; fileRef = 3C8C2339252B435800C77424 /* Main.storyboard */; };
		3C8C2347252B435800C77424 /* QueteletTests.swift in Sources */ = {isa = PBXBuildFile; fileRef = 3C8C2346252B435800C77424 /* QueteletTests.swift */; };
		3C8C2352252B435800C77424 /* QueteletUITests.swift in Sources */ = {isa = PBXBuildFile; fileRef = 3C8C2351252B435800C77424 /* QueteletUITests.swift */; };
		88571F2A2B7CBDB8EF6C0E4E /* Pods_Quetelet.framework in Frameworks */ = {isa = PBXBuildFile; fileRef = 9506E2E872C0DC179C70DEEA /* Pods_Quetelet.framework */; };
		9ADAEF043AEEE298C26DD1E7 /* Pods_QueteletTests.framework in Frameworks */ = {isa = PBXBuildFile; fileRef = ED73744C925167970A42EFC4 /* Pods_QueteletTests.framework */; };
		FE1587C79E2EC7CBA147F3F9 /* Pods_Quetelet_QueteletUITests.framework in Frameworks */ = {isa = PBXBuildFile; fileRef = D0B07A87154CB8D210DC0912 /* Pods_Quetelet_QueteletUITests.framework */; };
/* End PBXBuildFile section */

/* Begin PBXContainerItemProxy section */
		3C8C2343252B435800C77424 /* PBXContainerItemProxy */ = {
			isa = PBXContainerItemProxy;
			containerPortal = 3C8C2323252B435700C77424 /* Project object */;
			proxyType = 1;
			remoteGlobalIDString = 3C8C232A252B435700C77424;
			remoteInfo = Quetelet;
		};
		3C8C234E252B435800C77424 /* PBXContainerItemProxy */ = {
			isa = PBXContainerItemProxy;
			containerPortal = 3C8C2323252B435700C77424 /* Project object */;
			proxyType = 1;
			remoteGlobalIDString = 3C8C232A252B435700C77424;
			remoteInfo = Quetelet;
		};
/* End PBXContainerItemProxy section */

/* Begin PBXFileReference section */
		08C2D34FF5960FE5A9808C22 /* Pods-QueteletTests.release.xcconfig */ = {isa = PBXFileReference; includeInIndex = 1; lastKnownFileType = text.xcconfig; name = "Pods-QueteletTests.release.xcconfig"; path = "Target Support Files/Pods-QueteletTests/Pods-QueteletTests.release.xcconfig"; sourceTree = "<group>"; };
		3C8C232B252B435700C77424 /* Quetelet.app */ = {isa = PBXFileReference; explicitFileType = wrapper.application; includeInIndex = 0; path = Quetelet.app; sourceTree = BUILT_PRODUCTS_DIR; };
		3C8C232E252B435700C77424 /* AppDelegate.swift */ = {isa = PBXFileReference; lastKnownFileType = sourcecode.swift; path = AppDelegate.swift; sourceTree = "<group>"; };
		3C8C2330252B435700C77424 /* ViewController.swift */ = {isa = PBXFileReference; lastKnownFileType = sourcecode.swift; path = ViewController.swift; sourceTree = "<group>"; };
		3C8C2332252B435700C77424 /* Document.swift */ = {isa = PBXFileReference; lastKnownFileType = sourcecode.swift; path = Document.swift; sourceTree = "<group>"; };
		3C8C2335252B435700C77424 /* Document.xcdatamodel */ = {isa = PBXFileReference; lastKnownFileType = wrapper.xcdatamodel; path = Document.xcdatamodel; sourceTree = "<group>"; };
		3C8C2337252B435800C77424 /* Assets.xcassets */ = {isa = PBXFileReference; lastKnownFileType = folder.assetcatalog; path = Assets.xcassets; sourceTree = "<group>"; };
		3C8C233A252B435800C77424 /* Base */ = {isa = PBXFileReference; lastKnownFileType = file.storyboard; name = Base; path = Base.lproj/Main.storyboard; sourceTree = "<group>"; };
		3C8C233C252B435800C77424 /* Info.plist */ = {isa = PBXFileReference; lastKnownFileType = text.plist.xml; path = Info.plist; sourceTree = "<group>"; };
		3C8C233D252B435800C77424 /* Quetelet.entitlements */ = {isa = PBXFileReference; lastKnownFileType = text.plist.entitlements; path = Quetelet.entitlements; sourceTree = "<group>"; };
		3C8C2342252B435800C77424 /* QueteletTests.xctest */ = {isa = PBXFileReference; explicitFileType = wrapper.cfbundle; includeInIndex = 0; path = QueteletTests.xctest; sourceTree = BUILT_PRODUCTS_DIR; };
		3C8C2346252B435800C77424 /* QueteletTests.swift */ = {isa = PBXFileReference; lastKnownFileType = sourcecode.swift; path = QueteletTests.swift; sourceTree = "<group>"; };
		3C8C2348252B435800C77424 /* Info.plist */ = {isa = PBXFileReference; lastKnownFileType = text.plist.xml; path = Info.plist; sourceTree = "<group>"; };
		3C8C234D252B435800C77424 /* QueteletUITests.xctest */ = {isa = PBXFileReference; explicitFileType = wrapper.cfbundle; includeInIndex = 0; path = QueteletUITests.xctest; sourceTree = BUILT_PRODUCTS_DIR; };
		3C8C2351252B435800C77424 /* QueteletUITests.swift */ = {isa = PBXFileReference; lastKnownFileType = sourcecode.swift; path = QueteletUITests.swift; sourceTree = "<group>"; };
		3C8C2353252B435800C77424 /* Info.plist */ = {isa = PBXFileReference; lastKnownFileType = text.plist.xml; path = Info.plist; sourceTree = "<group>"; };
		43123B646A03FCFD2667A596 /* Pods-Quetelet.debug.xcconfig */ = {isa = PBXFileReference; includeInIndex = 1; lastKnownFileType = text.xcconfig; name = "Pods-Quetelet.debug.xcconfig"; path = "Target Support Files/Pods-Quetelet/Pods-Quetelet.debug.xcconfig"; sourceTree = "<group>"; };
		4B89539236281AB1F8782219 /* Pods-Quetelet-QueteletUITests.release.xcconfig */ = {isa = PBXFileReference; includeInIndex = 1; lastKnownFileType = text.xcconfig; name = "Pods-Quetelet-QueteletUITests.release.xcconfig"; path = "Target Support Files/Pods-Quetelet-QueteletUITests/Pods-Quetelet-QueteletUITests.release.xcconfig"; sourceTree = "<group>"; };
		8EC493F55B70C4CF1E264539 /* Pods-Quetelet-QueteletUITests.debug.xcconfig */ = {isa = PBXFileReference; includeInIndex = 1; lastKnownFileType = text.xcconfig; name = "Pods-Quetelet-QueteletUITests.debug.xcconfig"; path = "Target Support Files/Pods-Quetelet-QueteletUITests/Pods-Quetelet-QueteletUITests.debug.xcconfig"; sourceTree = "<group>"; };
		9506E2E872C0DC179C70DEEA /* Pods_Quetelet.framework */ = {isa = PBXFileReference; explicitFileType = wrapper.framework; includeInIndex = 0; path = Pods_Quetelet.framework; sourceTree = BUILT_PRODUCTS_DIR; };
		D0B07A87154CB8D210DC0912 /* Pods_Quetelet_QueteletUITests.framework */ = {isa = PBXFileReference; explicitFileType = wrapper.framework; includeInIndex = 0; path = Pods_Quetelet_QueteletUITests.framework; sourceTree = BUILT_PRODUCTS_DIR; };
		D44CC995EEB43E1FBF6AE3A2 /* Pods-QueteletTests.debug.xcconfig */ = {isa = PBXFileReference; includeInIndex = 1; lastKnownFileType = text.xcconfig; name = "Pods-QueteletTests.debug.xcconfig"; path = "Target Support Files/Pods-QueteletTests/Pods-QueteletTests.debug.xcconfig"; sourceTree = "<group>"; };
		DCF430D0A5D4B54B701032A6 /* Pods-Quetelet.release.xcconfig */ = {isa = PBXFileReference; includeInIndex = 1; lastKnownFileType = text.xcconfig; name = "Pods-Quetelet.release.xcconfig"; path = "Target Support Files/Pods-Quetelet/Pods-Quetelet.release.xcconfig"; sourceTree = "<group>"; };
		ED73744C925167970A42EFC4 /* Pods_QueteletTests.framework */ = {isa = PBXFileReference; explicitFileType = wrapper.framework; includeInIndex = 0; path = Pods_QueteletTests.framework; sourceTree = BUILT_PRODUCTS_DIR; };
/* End PBXFileReference section */

/* Begin PBXFrameworksBuildPhase section */
		3C8C2328252B435700C77424 /* Frameworks */ = {
			isa = PBXFrameworksBuildPhase;
			buildActionMask = 2147483647;
			files = (
				88571F2A2B7CBDB8EF6C0E4E /* Pods_Quetelet.framework in Frameworks */,
			);
			runOnlyForDeploymentPostprocessing = 0;
		};
		3C8C233F252B435800C77424 /* Frameworks */ = {
			isa = PBXFrameworksBuildPhase;
			buildActionMask = 2147483647;
			files = (
				9ADAEF043AEEE298C26DD1E7 /* Pods_QueteletTests.framework in Frameworks */,
			);
			runOnlyForDeploymentPostprocessing = 0;
		};
		3C8C234A252B435800C77424 /* Frameworks */ = {
			isa = PBXFrameworksBuildPhase;
			buildActionMask = 2147483647;
			files = (
				FE1587C79E2EC7CBA147F3F9 /* Pods_Quetelet_QueteletUITests.framework in Frameworks */,
			);
			runOnlyForDeploymentPostprocessing = 0;
		};
/* End PBXFrameworksBuildPhase section */

/* Begin PBXGroup section */
		3C8C2322252B435700C77424 = {
			isa = PBXGroup;
			children = (
				3C8C232D252B435700C77424 /* Quetelet */,
				3C8C2345252B435800C77424 /* QueteletTests */,
				3C8C2350252B435800C77424 /* QueteletUITests */,
				3C8C232C252B435700C77424 /* Products */,
				5CFE7F7D525C04117482BAB5 /* Pods */,
				F5ECC8301A8CAB22D0633B11 /* Frameworks */,
			);
			sourceTree = "<group>";
		};
		3C8C232C252B435700C77424 /* Products */ = {
			isa = PBXGroup;
			children = (
				3C8C232B252B435700C77424 /* Quetelet.app */,
				3C8C2342252B435800C77424 /* QueteletTests.xctest */,
				3C8C234D252B435800C77424 /* QueteletUITests.xctest */,
			);
			name = Products;
			sourceTree = "<group>";
		};
		3C8C232D252B435700C77424 /* Quetelet */ = {
			isa = PBXGroup;
			children = (
				3C8C232E252B435700C77424 /* AppDelegate.swift */,
				3C8C2330252B435700C77424 /* ViewController.swift */,
				3C8C2332252B435700C77424 /* Document.swift */,
				3C8C2337252B435800C77424 /* Assets.xcassets */,
				3C8C2339252B435800C77424 /* Main.storyboard */,
				3C8C233C252B435800C77424 /* Info.plist */,
				3C8C233D252B435800C77424 /* Quetelet.entitlements */,
				3C8C2334252B435700C77424 /* Document.xcdatamodeld */,
			);
			path = Quetelet;
			sourceTree = "<group>";
		};
		3C8C2345252B435800C77424 /* QueteletTests */ = {
			isa = PBXGroup;
			children = (
				3C8C2346252B435800C77424 /* QueteletTests.swift */,
				3C8C2348252B435800C77424 /* Info.plist */,
			);
			path = QueteletTests;
			sourceTree = "<group>";
		};
		3C8C2350252B435800C77424 /* QueteletUITests */ = {
			isa = PBXGroup;
			children = (
				3C8C2351252B435800C77424 /* QueteletUITests.swift */,
				3C8C2353252B435800C77424 /* Info.plist */,
			);
			path = QueteletUITests;
			sourceTree = "<group>";
		};
		5CFE7F7D525C04117482BAB5 /* Pods */ = {
			isa = PBXGroup;
			children = (
				43123B646A03FCFD2667A596 /* Pods-Quetelet.debug.xcconfig */,
				DCF430D0A5D4B54B701032A6 /* Pods-Quetelet.release.xcconfig */,
				8EC493F55B70C4CF1E264539 /* Pods-Quetelet-QueteletUITests.debug.xcconfig */,
				4B89539236281AB1F8782219 /* Pods-Quetelet-QueteletUITests.release.xcconfig */,
				D44CC995EEB43E1FBF6AE3A2 /* Pods-QueteletTests.debug.xcconfig */,
				08C2D34FF5960FE5A9808C22 /* Pods-QueteletTests.release.xcconfig */,
			);
			name = Pods;
			path = Pods;
			sourceTree = "<group>";
		};
		F5ECC8301A8CAB22D0633B11 /* Frameworks */ = {
			isa = PBXGroup;
			children = (
				9506E2E872C0DC179C70DEEA /* Pods_Quetelet.framework */,
				D0B07A87154CB8D210DC0912 /* Pods_Quetelet_QueteletUITests.framework */,
				ED73744C925167970A42EFC4 /* Pods_QueteletTests.framework */,
			);
			name = Frameworks;
			sourceTree = "<group>";
		};
/* End PBXGroup section */

/* Begin PBXNativeTarget section */
		3C8C232A252B435700C77424 /* Quetelet */ = {
			isa = PBXNativeTarget;
			buildConfigurationList = 3C8C2356252B435800C77424 /* Build configuration list for PBXNativeTarget "Quetelet" */;
			buildPhases = (
				4339C2AFF8CBC38DA71D3332 /* [CP] Check Pods Manifest.lock */,
				3C8C2327252B435700C77424 /* Sources */,
				3C8C2328252B435700C77424 /* Frameworks */,
				3C8C2329252B435700C77424 /* Resources */,
				20BE4D2CF6ECD0A3B75EE51F /* [CP] Embed Pods Frameworks */,
			);
			buildRules = (
			);
			dependencies = (
			);
			name = Quetelet;
			productName = Quetelet;
			productReference = 3C8C232B252B435700C77424 /* Quetelet.app */;
			productType = "com.apple.product-type.application";
		};
		3C8C2341252B435800C77424 /* QueteletTests */ = {
			isa = PBXNativeTarget;
			buildConfigurationList = 3C8C2359252B435800C77424 /* Build configuration list for PBXNativeTarget "QueteletTests" */;
			buildPhases = (
				C2376C1EC3F099BD84DC0CFD /* [CP] Check Pods Manifest.lock */,
				3C8C233E252B435800C77424 /* Sources */,
				3C8C233F252B435800C77424 /* Frameworks */,
				3C8C2340252B435800C77424 /* Resources */,
			);
			buildRules = (
			);
			dependencies = (
				3C8C2344252B435800C77424 /* PBXTargetDependency */,
			);
			name = QueteletTests;
			productName = QueteletTests;
			productReference = 3C8C2342252B435800C77424 /* QueteletTests.xctest */;
			productType = "com.apple.product-type.bundle.unit-test";
		};
		3C8C234C252B435800C77424 /* QueteletUITests */ = {
			isa = PBXNativeTarget;
			buildConfigurationList = 3C8C235C252B435800C77424 /* Build configuration list for PBXNativeTarget "QueteletUITests" */;
			buildPhases = (
				BC309BD002B13B1BE6950EB8 /* [CP] Check Pods Manifest.lock */,
				3C8C2349252B435800C77424 /* Sources */,
				3C8C234A252B435800C77424 /* Frameworks */,
				3C8C234B252B435800C77424 /* Resources */,
				870F16520F96F6A021ED1033 /* [CP] Embed Pods Frameworks */,
			);
			buildRules = (
			);
			dependencies = (
				3C8C234F252B435800C77424 /* PBXTargetDependency */,
			);
			name = QueteletUITests;
			productName = QueteletUITests;
			productReference = 3C8C234D252B435800C77424 /* QueteletUITests.xctest */;
			productType = "com.apple.product-type.bundle.ui-testing";
		};
/* End PBXNativeTarget section */

/* Begin PBXProject section */
		3C8C2323252B435700C77424 /* Project object */ = {
			isa = PBXProject;
			attributes = {
				LastSwiftUpdateCheck = 1200;
				LastUpgradeCheck = 1200;
				TargetAttributes = {
					3C8C232A252B435700C77424 = {
						CreatedOnToolsVersion = 12.0.1;
					};
					3C8C2341252B435800C77424 = {
						CreatedOnToolsVersion = 12.0.1;
						TestTargetID = 3C8C232A252B435700C77424;
					};
					3C8C234C252B435800C77424 = {
						CreatedOnToolsVersion = 12.0.1;
						TestTargetID = 3C8C232A252B435700C77424;
					};
				};
			};
			buildConfigurationList = 3C8C2326252B435700C77424 /* Build configuration list for PBXProject "Quetelet" */;
			compatibilityVersion = "Xcode 9.3";
			developmentRegion = en;
			hasScannedForEncodings = 0;
			knownRegions = (
				en,
				Base,
			);
			mainGroup = 3C8C2322252B435700C77424;
			productRefGroup = 3C8C232C252B435700C77424 /* Products */;
			projectDirPath = "";
			projectRoot = "";
			targets = (
				3C8C232A252B435700C77424 /* Quetelet */,
				3C8C2341252B435800C77424 /* QueteletTests */,
				3C8C234C252B435800C77424 /* QueteletUITests */,
			);
		};
/* End PBXProject section */

/* Begin PBXResourcesBuildPhase section */
		3C8C2329252B435700C77424 /* Resources */ = {
			isa = PBXResourcesBuildPhase;
			buildActionMask = 2147483647;
			files = (
				3C8C2338252B435800C77424 /* Assets.xcassets in Resources */,
				3C8C233B252B435800C77424 /* Main.storyboard in Resources */,
			);
			runOnlyForDeploymentPostprocessing = 0;
		};
		3C8C2340252B435800C77424 /* Resources */ = {
			isa = PBXResourcesBuildPhase;
			buildActionMask = 2147483647;
			files = (
			);
			runOnlyForDeploymentPostprocessing = 0;
		};
		3C8C234B252B435800C77424 /* Resources */ = {
			isa = PBXResourcesBuildPhase;
			buildActionMask = 2147483647;
			files = (
			);
			runOnlyForDeploymentPostprocessing = 0;
		};
/* End PBXResourcesBuildPhase section */

/* Begin PBXShellScriptBuildPhase section */
		20BE4D2CF6ECD0A3B75EE51F /* [CP] Embed Pods Frameworks */ = {
			isa = PBXShellScriptBuildPhase;
			buildActionMask = 2147483647;
			files = (
			);
			inputFileListPaths = (
				"${PODS_ROOT}/Target Support Files/Pods-Quetelet/Pods-Quetelet-frameworks-${CONFIGURATION}-input-files.xcfilelist",
			);
			name = "[CP] Embed Pods Frameworks";
			outputFileListPaths = (
				"${PODS_ROOT}/Target Support Files/Pods-Quetelet/Pods-Quetelet-frameworks-${CONFIGURATION}-output-files.xcfilelist",
			);
			runOnlyForDeploymentPostprocessing = 0;
			shellPath = /bin/sh;
			shellScript = "\"${PODS_ROOT}/Target Support Files/Pods-Quetelet/Pods-Quetelet-frameworks.sh\"\n";
			showEnvVarsInLog = 0;
		};
		4339C2AFF8CBC38DA71D3332 /* [CP] Check Pods Manifest.lock */ = {
			isa = PBXShellScriptBuildPhase;
			buildActionMask = 2147483647;
			files = (
			);
			inputFileListPaths = (
			);
			inputPaths = (
				"${PODS_PODFILE_DIR_PATH}/Podfile.lock",
				"${PODS_ROOT}/Manifest.lock",
			);
			name = "[CP] Check Pods Manifest.lock";
			outputFileListPaths = (
			);
			outputPaths = (
				"$(DERIVED_FILE_DIR)/Pods-Quetelet-checkManifestLockResult.txt",
			);
			runOnlyForDeploymentPostprocessing = 0;
			shellPath = /bin/sh;
			shellScript = "diff \"${PODS_PODFILE_DIR_PATH}/Podfile.lock\" \"${PODS_ROOT}/Manifest.lock\" > /dev/null\nif [ $? != 0 ] ; then\n    # print error to STDERR\n    echo \"error: The sandbox is not in sync with the Podfile.lock. Run 'pod install' or update your CocoaPods installation.\" >&2\n    exit 1\nfi\n# This output is used by Xcode 'outputs' to avoid re-running this script phase.\necho \"SUCCESS\" > \"${SCRIPT_OUTPUT_FILE_0}\"\n";
			showEnvVarsInLog = 0;
		};
		870F16520F96F6A021ED1033 /* [CP] Embed Pods Frameworks */ = {
			isa = PBXShellScriptBuildPhase;
			buildActionMask = 2147483647;
			files = (
			);
			inputFileListPaths = (
				"${PODS_ROOT}/Target Support Files/Pods-Quetelet-QueteletUITests/Pods-Quetelet-QueteletUITests-frameworks-${CONFIGURATION}-input-files.xcfilelist",
			);
			name = "[CP] Embed Pods Frameworks";
			outputFileListPaths = (
				"${PODS_ROOT}/Target Support Files/Pods-Quetelet-QueteletUITests/Pods-Quetelet-QueteletUITests-frameworks-${CONFIGURATION}-output-files.xcfilelist",
			);
			runOnlyForDeploymentPostprocessing = 0;
			shellPath = /bin/sh;
			shellScript = "\"${PODS_ROOT}/Target Support Files/Pods-Quetelet-QueteletUITests/Pods-Quetelet-QueteletUITests-frameworks.sh\"\n";
			showEnvVarsInLog = 0;
		};
		BC309BD002B13B1BE6950EB8 /* [CP] Check Pods Manifest.lock */ = {
			isa = PBXShellScriptBuildPhase;
			buildActionMask = 2147483647;
			files = (
			);
			inputFileListPaths = (
			);
			inputPaths = (
				"${PODS_PODFILE_DIR_PATH}/Podfile.lock",
				"${PODS_ROOT}/Manifest.lock",
			);
			name = "[CP] Check Pods Manifest.lock";
			outputFileListPaths = (
			);
			outputPaths = (
				"$(DERIVED_FILE_DIR)/Pods-Quetelet-QueteletUITests-checkManifestLockResult.txt",
			);
			runOnlyForDeploymentPostprocessing = 0;
			shellPath = /bin/sh;
			shellScript = "diff \"${PODS_PODFILE_DIR_PATH}/Podfile.lock\" \"${PODS_ROOT}/Manifest.lock\" > /dev/null\nif [ $? != 0 ] ; then\n    # print error to STDERR\n    echo \"error: The sandbox is not in sync with the Podfile.lock. Run 'pod install' or update your CocoaPods installation.\" >&2\n    exit 1\nfi\n# This output is used by Xcode 'outputs' to avoid re-running this script phase.\necho \"SUCCESS\" > \"${SCRIPT_OUTPUT_FILE_0}\"\n";
			showEnvVarsInLog = 0;
		};
		C2376C1EC3F099BD84DC0CFD /* [CP] Check Pods Manifest.lock */ = {
			isa = PBXShellScriptBuildPhase;
			buildActionMask = 2147483647;
			files = (
			);
			inputFileListPaths = (
			);
			inputPaths = (
				"${PODS_PODFILE_DIR_PATH}/Podfile.lock",
				"${PODS_ROOT}/Manifest.lock",
			);
			name = "[CP] Check Pods Manifest.lock";
			outputFileListPaths = (
			);
			outputPaths = (
				"$(DERIVED_FILE_DIR)/Pods-QueteletTests-checkManifestLockResult.txt",
			);
			runOnlyForDeploymentPostprocessing = 0;
			shellPath = /bin/sh;
			shellScript = "diff \"${PODS_PODFILE_DIR_PATH}/Podfile.lock\" \"${PODS_ROOT}/Manifest.lock\" > /dev/null\nif [ $? != 0 ] ; then\n    # print error to STDERR\n    echo \"error: The sandbox is not in sync with the Podfile.lock. Run 'pod install' or update your CocoaPods installation.\" >&2\n    exit 1\nfi\n# This output is used by Xcode 'outputs' to avoid re-running this script phase.\necho \"SUCCESS\" > \"${SCRIPT_OUTPUT_FILE_0}\"\n";
			showEnvVarsInLog = 0;
		};
/* End PBXShellScriptBuildPhase section */

/* Begin PBXSourcesBuildPhase section */
		3C8C2327252B435700C77424 /* Sources */ = {
			isa = PBXSourcesBuildPhase;
			buildActionMask = 2147483647;
			files = (
				3C8C2336252B435700C77424 /* Document.xcdatamodeld in Sources */,
				3C8C2331252B435700C77424 /* ViewController.swift in Sources */,
				3C8C232F252B435700C77424 /* AppDelegate.swift in Sources */,
				3C8C2333252B435700C77424 /* Document.swift in Sources */,
			);
			runOnlyForDeploymentPostprocessing = 0;
		};
		3C8C233E252B435800C77424 /* Sources */ = {
			isa = PBXSourcesBuildPhase;
			buildActionMask = 2147483647;
			files = (
				3C8C2347252B435800C77424 /* QueteletTests.swift in Sources */,
			);
			runOnlyForDeploymentPostprocessing = 0;
		};
		3C8C2349252B435800C77424 /* Sources */ = {
			isa = PBXSourcesBuildPhase;
			buildActionMask = 2147483647;
			files = (
				3C8C2352252B435800C77424 /* QueteletUITests.swift in Sources */,
			);
			runOnlyForDeploymentPostprocessing = 0;
		};
/* End PBXSourcesBuildPhase section */

/* Begin PBXTargetDependency section */
		3C8C2344252B435800C77424 /* PBXTargetDependency */ = {
			isa = PBXTargetDependency;
			target = 3C8C232A252B435700C77424 /* Quetelet */;
			targetProxy = 3C8C2343252B435800C77424 /* PBXContainerItemProxy */;
		};
		3C8C234F252B435800C77424 /* PBXTargetDependency */ = {
			isa = PBXTargetDependency;
			target = 3C8C232A252B435700C77424 /* Quetelet */;
			targetProxy = 3C8C234E252B435800C77424 /* PBXContainerItemProxy */;
		};
/* End PBXTargetDependency section */

/* Begin PBXVariantGroup section */
		3C8C2339252B435800C77424 /* Main.storyboard */ = {
			isa = PBXVariantGroup;
			children = (
				3C8C233A252B435800C77424 /* Base */,
			);
			name = Main.storyboard;
			sourceTree = "<group>";
		};
/* End PBXVariantGroup section */

/* Begin XCBuildConfiguration section */
		3C8C2354252B435800C77424 /* Debug */ = {
			isa = XCBuildConfiguration;
			buildSettings = {
				ALWAYS_SEARCH_USER_PATHS = NO;
				CLANG_ANALYZER_NONNULL = YES;
				CLANG_ANALYZER_NUMBER_OBJECT_CONVERSION = YES_AGGRESSIVE;
				CLANG_CXX_LANGUAGE_STANDARD = "gnu++14";
				CLANG_CXX_LIBRARY = "libc++";
				CLANG_ENABLE_MODULES = YES;
				CLANG_ENABLE_OBJC_ARC = YES;
				CLANG_ENABLE_OBJC_WEAK = YES;
				CLANG_WARN_BLOCK_CAPTURE_AUTORELEASING = YES;
				CLANG_WARN_BOOL_CONVERSION = YES;
				CLANG_WARN_COMMA = YES;
				CLANG_WARN_CONSTANT_CONVERSION = YES;
				CLANG_WARN_DEPRECATED_OBJC_IMPLEMENTATIONS = YES;
				CLANG_WARN_DIRECT_OBJC_ISA_USAGE = YES_ERROR;
				CLANG_WARN_DOCUMENTATION_COMMENTS = YES;
				CLANG_WARN_EMPTY_BODY = YES;
				CLANG_WARN_ENUM_CONVERSION = YES;
				CLANG_WARN_INFINITE_RECURSION = YES;
				CLANG_WARN_INT_CONVERSION = YES;
				CLANG_WARN_NON_LITERAL_NULL_CONVERSION = YES;
				CLANG_WARN_OBJC_IMPLICIT_RETAIN_SELF = YES;
				CLANG_WARN_OBJC_LITERAL_CONVERSION = YES;
				CLANG_WARN_OBJC_ROOT_CLASS = YES_ERROR;
				CLANG_WARN_QUOTED_INCLUDE_IN_FRAMEWORK_HEADER = YES;
				CLANG_WARN_RANGE_LOOP_ANALYSIS = YES;
				CLANG_WARN_STRICT_PROTOTYPES = YES;
				CLANG_WARN_SUSPICIOUS_MOVE = YES;
				CLANG_WARN_UNGUARDED_AVAILABILITY = YES_AGGRESSIVE;
				CLANG_WARN_UNREACHABLE_CODE = YES;
				CLANG_WARN__DUPLICATE_METHOD_MATCH = YES;
				COPY_PHASE_STRIP = NO;
				DEBUG_INFORMATION_FORMAT = dwarf;
				ENABLE_STRICT_OBJC_MSGSEND = YES;
				ENABLE_TESTABILITY = YES;
				GCC_C_LANGUAGE_STANDARD = gnu11;
				GCC_DYNAMIC_NO_PIC = NO;
				GCC_NO_COMMON_BLOCKS = YES;
				GCC_OPTIMIZATION_LEVEL = 0;
				GCC_PREPROCESSOR_DEFINITIONS = (
					"DEBUG=1",
					"$(inherited)",
				);
				GCC_WARN_64_TO_32_BIT_CONVERSION = YES;
				GCC_WARN_ABOUT_RETURN_TYPE = YES_ERROR;
				GCC_WARN_UNDECLARED_SELECTOR = YES;
				GCC_WARN_UNINITIALIZED_AUTOS = YES_AGGRESSIVE;
				GCC_WARN_UNUSED_FUNCTION = YES;
				GCC_WARN_UNUSED_VARIABLE = YES;
				MACOSX_DEPLOYMENT_TARGET = 10.15;
				MTL_ENABLE_DEBUG_INFO = INCLUDE_SOURCE;
				MTL_FAST_MATH = YES;
				ONLY_ACTIVE_ARCH = YES;
				SDKROOT = macosx;
				SWIFT_ACTIVE_COMPILATION_CONDITIONS = DEBUG;
				SWIFT_OPTIMIZATION_LEVEL = "-Onone";
			};
			name = Debug;
		};
		3C8C2355252B435800C77424 /* Release */ = {
			isa = XCBuildConfiguration;
			buildSettings = {
				ALWAYS_SEARCH_USER_PATHS = NO;
				CLANG_ANALYZER_NONNULL = YES;
				CLANG_ANALYZER_NUMBER_OBJECT_CONVERSION = YES_AGGRESSIVE;
				CLANG_CXX_LANGUAGE_STANDARD = "gnu++14";
				CLANG_CXX_LIBRARY = "libc++";
				CLANG_ENABLE_MODULES = YES;
				CLANG_ENABLE_OBJC_ARC = YES;
				CLANG_ENABLE_OBJC_WEAK = YES;
				CLANG_WARN_BLOCK_CAPTURE_AUTORELEASING = YES;
				CLANG_WARN_BOOL_CONVERSION = YES;
				CLANG_WARN_COMMA = YES;
				CLANG_WARN_CONSTANT_CONVERSION = YES;
				CLANG_WARN_DEPRECATED_OBJC_IMPLEMENTATIONS = YES;
				CLANG_WARN_DIRECT_OBJC_ISA_USAGE = YES_ERROR;
				CLANG_WARN_DOCUMENTATION_COMMENTS = YES;
				CLANG_WARN_EMPTY_BODY = YES;
				CLANG_WARN_ENUM_CONVERSION = YES;
				CLANG_WARN_INFINITE_RECURSION = YES;
				CLANG_WARN_INT_CONVERSION = YES;
				CLANG_WARN_NON_LITERAL_NULL_CONVERSION = YES;
				CLANG_WARN_OBJC_IMPLICIT_RETAIN_SELF = YES;
				CLANG_WARN_OBJC_LITERAL_CONVERSION = YES;
				CLANG_WARN_OBJC_ROOT_CLASS = YES_ERROR;
				CLANG_WARN_QUOTED_INCLUDE_IN_FRAMEWORK_HEADER = YES;
				CLANG_WARN_RANGE_LOOP_ANALYSIS = YES;
				CLANG_WARN_STRICT_PROTOTYPES = YES;
				CLANG_WARN_SUSPICIOUS_MOVE = YES;
				CLANG_WARN_UNGUARDED_AVAILABILITY = YES_AGGRESSIVE;
				CLANG_WARN_UNREACHABLE_CODE = YES;
				CLANG_WARN__DUPLICATE_METHOD_MATCH = YES;
				COPY_PHASE_STRIP = NO;
				DEBUG_INFORMATION_FORMAT = "dwarf-with-dsym";
				ENABLE_NS_ASSERTIONS = NO;
				ENABLE_STRICT_OBJC_MSGSEND = YES;
				GCC_C_LANGUAGE_STANDARD = gnu11;
				GCC_NO_COMMON_BLOCKS = YES;
				GCC_WARN_64_TO_32_BIT_CONVERSION = YES;
				GCC_WARN_ABOUT_RETURN_TYPE = YES_ERROR;
				GCC_WARN_UNDECLARED_SELECTOR = YES;
				GCC_WARN_UNINITIALIZED_AUTOS = YES_AGGRESSIVE;
				GCC_WARN_UNUSED_FUNCTION = YES;
				GCC_WARN_UNUSED_VARIABLE = YES;
				MACOSX_DEPLOYMENT_TARGET = 10.15;
				MTL_ENABLE_DEBUG_INFO = NO;
				MTL_FAST_MATH = YES;
				SDKROOT = macosx;
				SWIFT_COMPILATION_MODE = wholemodule;
				SWIFT_OPTIMIZATION_LEVEL = "-O";
			};
			name = Release;
		};
		3C8C2357252B435800C77424 /* Debug */ = {
			isa = XCBuildConfiguration;
			baseConfigurationReference = 43123B646A03FCFD2667A596 /* Pods-Quetelet.debug.xcconfig */;
			buildSettings = {
				ASSETCATALOG_COMPILER_APPICON_NAME = AppIcon;
				ASSETCATALOG_COMPILER_GLOBAL_ACCENT_COLOR_NAME = AccentColor;
				CODE_SIGN_ENTITLEMENTS = Quetelet/Quetelet.entitlements;
				CODE_SIGN_STYLE = Automatic;
				COMBINE_HIDPI_IMAGES = YES;
				DEVELOPMENT_TEAM = 23YUDHCXM9;
				ENABLE_HARDENED_RUNTIME = YES;
				INFOPLIST_FILE = Quetelet/Info.plist;
				LD_RUNPATH_SEARCH_PATHS = (
					"$(inherited)",
					"@executable_path/../Frameworks",
				);
				PRODUCT_BUNDLE_IDENTIFIER = io.github.leonardolu.Quetelet;
				PRODUCT_NAME = "$(TARGET_NAME)";
				SWIFT_VERSION = 5.0;
			};
			name = Debug;
		};
		3C8C2358252B435800C77424 /* Release */ = {
			isa = XCBuildConfiguration;
			baseConfigurationReference = DCF430D0A5D4B54B701032A6 /* Pods-Quetelet.release.xcconfig */;
			buildSettings = {
				ASSETCATALOG_COMPILER_APPICON_NAME = AppIcon;
				ASSETCATALOG_COMPILER_GLOBAL_ACCENT_COLOR_NAME = AccentColor;
				CODE_SIGN_ENTITLEMENTS = Quetelet/Quetelet.entitlements;
				CODE_SIGN_STYLE = Automatic;
				COMBINE_HIDPI_IMAGES = YES;
				DEVELOPMENT_TEAM = 23YUDHCXM9;
				ENABLE_HARDENED_RUNTIME = YES;
				INFOPLIST_FILE = Quetelet/Info.plist;
				LD_RUNPATH_SEARCH_PATHS = (
					"$(inherited)",
					"@executable_path/../Frameworks",
				);
				PRODUCT_BUNDLE_IDENTIFIER = io.github.leonardolu.Quetelet;
				PRODUCT_NAME = "$(TARGET_NAME)";
				SWIFT_VERSION = 5.0;
			};
			name = Release;
		};
		3C8C235A252B435800C77424 /* Debug */ = {
			isa = XCBuildConfiguration;
			baseConfigurationReference = D44CC995EEB43E1FBF6AE3A2 /* Pods-QueteletTests.debug.xcconfig */;
			buildSettings = {
				ALWAYS_EMBED_SWIFT_STANDARD_LIBRARIES = YES;
				BUNDLE_LOADER = "$(TEST_HOST)";
				CODE_SIGN_STYLE = Automatic;
				COMBINE_HIDPI_IMAGES = YES;
				DEVELOPMENT_TEAM = 23YUDHCXM9;
				INFOPLIST_FILE = QueteletTests/Info.plist;
				LD_RUNPATH_SEARCH_PATHS = (
					"$(inherited)",
					"@executable_path/../Frameworks",
					"@loader_path/../Frameworks",
				);
				MACOSX_DEPLOYMENT_TARGET = 10.15;
				PRODUCT_BUNDLE_IDENTIFIER = io.github.leonardolu.QueteletTests;
				PRODUCT_NAME = "$(TARGET_NAME)";
				SWIFT_VERSION = 5.0;
				TEST_HOST = "$(BUILT_PRODUCTS_DIR)/Quetelet.app/Contents/MacOS/Quetelet";
			};
			name = Debug;
		};
		3C8C235B252B435800C77424 /* Release */ = {
			isa = XCBuildConfiguration;
			baseConfigurationReference = 08C2D34FF5960FE5A9808C22 /* Pods-QueteletTests.release.xcconfig */;
			buildSettings = {
				ALWAYS_EMBED_SWIFT_STANDARD_LIBRARIES = YES;
				BUNDLE_LOADER = "$(TEST_HOST)";
				CODE_SIGN_STYLE = Automatic;
				COMBINE_HIDPI_IMAGES = YES;
				DEVELOPMENT_TEAM = 23YUDHCXM9;
				INFOPLIST_FILE = QueteletTests/Info.plist;
				LD_RUNPATH_SEARCH_PATHS = (
					"$(inherited)",
					"@executable_path/../Frameworks",
					"@loader_path/../Frameworks",
				);
				MACOSX_DEPLOYMENT_TARGET = 10.15;
				PRODUCT_BUNDLE_IDENTIFIER = io.github.leonardolu.QueteletTests;
				PRODUCT_NAME = "$(TARGET_NAME)";
				SWIFT_VERSION = 5.0;
				TEST_HOST = "$(BUILT_PRODUCTS_DIR)/Quetelet.app/Contents/MacOS/Quetelet";
			};
			name = Release;
		};
		3C8C235D252B435800C77424 /* Debug */ = {
			isa = XCBuildConfiguration;
			baseConfigurationReference = 8EC493F55B70C4CF1E264539 /* Pods-Quetelet-QueteletUITests.debug.xcconfig */;
			buildSettings = {
				ALWAYS_EMBED_SWIFT_STANDARD_LIBRARIES = YES;
				CODE_SIGN_STYLE = Automatic;
				COMBINE_HIDPI_IMAGES = YES;
				DEVELOPMENT_TEAM = 23YUDHCXM9;
				INFOPLIST_FILE = QueteletUITests/Info.plist;
				LD_RUNPATH_SEARCH_PATHS = (
					"$(inherited)",
					"@executable_path/../Frameworks",
					"@loader_path/../Frameworks",
				);
				PRODUCT_BUNDLE_IDENTIFIER = io.github.leonardolu.QueteletUITests;
				PRODUCT_NAME = "$(TARGET_NAME)";
				SWIFT_VERSION = 5.0;
				TEST_TARGET_NAME = Quetelet;
			};
			name = Debug;
		};
		3C8C235E252B435800C77424 /* Release */ = {
			isa = XCBuildConfiguration;
			baseConfigurationReference = 4B89539236281AB1F8782219 /* Pods-Quetelet-QueteletUITests.release.xcconfig */;
			buildSettings = {
				ALWAYS_EMBED_SWIFT_STANDARD_LIBRARIES = YES;
				CODE_SIGN_STYLE = Automatic;
				COMBINE_HIDPI_IMAGES = YES;
				DEVELOPMENT_TEAM = 23YUDHCXM9;
				INFOPLIST_FILE = QueteletUITests/Info.plist;
				LD_RUNPATH_SEARCH_PATHS = (
					"$(inherited)",
					"@executable_path/../Frameworks",
					"@loader_path/../Frameworks",
				);
				PRODUCT_BUNDLE_IDENTIFIER = io.github.leonardolu.QueteletUITests;
				PRODUCT_NAME = "$(TARGET_NAME)";
				SWIFT_VERSION = 5.0;
				TEST_TARGET_NAME = Quetelet;
			};
			name = Release;
		};
/* End XCBuildConfiguration section */

/* Begin XCConfigurationList section */
		3C8C2326252B435700C77424 /* Build configuration list for PBXProject "Quetelet" */ = {
			isa = XCConfigurationList;
			buildConfigurations = (
				3C8C2354252B435800C77424 /* Debug */,
				3C8C2355252B435800C77424 /* Release */,
			);
			defaultConfigurationIsVisible = 0;
			defaultConfigurationName = Release;
		};
		3C8C2356252B435800C77424 /* Build configuration list for PBXNativeTarget "Quetelet" */ = {
			isa = XCConfigurationList;
			buildConfigurations = (
				3C8C2357252B435800C77424 /* Debug */,
				3C8C2358252B435800C77424 /* Release */,
			);
			defaultConfigurationIsVisible = 0;
			defaultConfigurationName = Release;
		};
		3C8C2359252B435800C77424 /* Build configuration list for PBXNativeTarget "QueteletTests" */ = {
			isa = XCConfigurationList;
			buildConfigurations = (
				3C8C235A252B435800C77424 /* Debug */,
				3C8C235B252B435800C77424 /* Release */,
			);
			defaultConfigurationIsVisible = 0;
			defaultConfigurationName = Release;
		};
		3C8C235C252B435800C77424 /* Build configuration list for PBXNativeTarget "QueteletUITests" */ = {
			isa = XCConfigurationList;
			buildConfigurations = (
				3C8C235D252B435800C77424 /* Debug */,
				3C8C235E252B435800C77424 /* Release */,
			);
			defaultConfigurationIsVisible = 0;
			defaultConfigurationName = Release;
		};
/* End XCConfigurationList section */

/* Begin XCVersionGroup section */
		3C8C2334252B435700C77424 /* Document.xcdatamodeld */ = {
			isa = XCVersionGroup;
			children = (
				3C8C2335252B435700C77424 /* Document.xcdatamodel */,
			);
			currentVersion = 3C8C2335252B435700C77424 /* Document.xcdatamodel */;
			path = Document.xcdatamodeld;
			sourceTree = "<group>";
			versionGroupType = wrapper.xcdatamodel;
		};
/* End XCVersionGroup section */
	};
	rootObject = 3C8C2323252B435700C77424 /* Project object */;
}
